
Microsoft Visual Studio Solution File, Format Version 12.00
# Visual Studio 15
VisualStudioVersion = 15.0.28307.489
MinimumVisualStudioVersion = 10.0.40219.1
Project("{FAE04EC0-301F-11D3-BF4B-00C04F79EFBC}") = "ClassLibrary1", "ClassLibrary1\ClassLibrary1.csproj", "{622DA2DD-4B9D-4894-AF36-055D0B5A21B8}"
EndProject
Global
	GlobalSection(SolutionConfigurationPlatforms) = preSolution
		Debug|Any CPU = Debug|Any CPU
		Release|Any CPU = Release|Any CPU
	EndGlobalSection
	GlobalSection(ProjectConfigurationPlatforms) = postSolution
		{622DA2DD-4B9D-4894-AF36-055D0B5A21B8}.Debug|Any CPU.ActiveCfg = Debug|Any CPU
		{622DA2DD-4B9D-4894-AF36-055D0B5A21B8}.Debug|Any CPU.Build.0 = Debug|Any CPU
		{622DA2DD-4B9D-4894-AF36-055D0B5A21B8}.Release|Any CPU.ActiveCfg = Release|Any CPU
		{622DA2DD-4B9D-4894-AF36-055D0B5A21B8}.Release|Any CPU.Build.0 = Release|Any CPU
	EndGlobalSection
	GlobalSection(SolutionProperties) = preSolution
		HideSolutionNode = FALSE
	EndGlobalSection
	GlobalSection(ExtensibilityGlobals) = postSolution
		SolutionGuid = {38DD9336-64D9-49D9-B34A-C1359F5219FC}
	EndGlobalSection
EndGlobal
