
Microsoft Visual Studio Solution File, Format Version 12.00
# Visual Studio 15
VisualStudioVersion = 15.0.28307.572
MinimumVisualStudioVersion = 10.0.40219.1
Project("{00D1A9C2-B5F0-4AF3-8072-F6C62B433612}") = "ex2", "ex2\ex2.sqlproj", "{26AA2C7E-830F-4C1D-A32D-3CD7DFD6A398}"
EndProject
Global
	GlobalSection(SolutionConfigurationPlatforms) = preSolution
		Debug|Any CPU = Debug|Any CPU
		Release|Any CPU = Release|Any CPU
	EndGlobalSection
	GlobalSection(ProjectConfigurationPlatforms) = postSolution
		{26AA2C7E-830F-4C1D-A32D-3CD7DFD6A398}.Debug|Any CPU.ActiveCfg = Debug|Any CPU
		{26AA2C7E-830F-4C1D-A32D-3CD7DFD6A398}.Debug|Any CPU.Build.0 = Debug|Any CPU
		{26AA2C7E-830F-4C1D-A32D-3CD7DFD6A398}.Debug|Any CPU.Deploy.0 = Debug|Any CPU
		{26AA2C7E-830F-4C1D-A32D-3CD7DFD6A398}.Release|Any CPU.ActiveCfg = Release|Any CPU
		{26AA2C7E-830F-4C1D-A32D-3CD7DFD6A398}.Release|Any CPU.Build.0 = Release|Any CPU
		{26AA2C7E-830F-4C1D-A32D-3CD7DFD6A398}.Release|Any CPU.Deploy.0 = Release|Any CPU
	EndGlobalSection
	GlobalSection(SolutionProperties) = preSolution
		HideSolutionNode = FALSE
	EndGlobalSection
	GlobalSection(ExtensibilityGlobals) = postSolution
		SolutionGuid = {996A73A8-FE89-414E-B9CC-BED50CD3B6A9}
	EndGlobalSection
EndGlobal
